<?xml version="1.0" encoding="utf-8"?>
<Project ToolsVersion="4.0" xmlns="http://schemas.microsoft.com/developer/msbuild/2003">
  <ItemGroup>
    <Filter Include="Header Files">
      <UniqueIdentifier>{21EB8090-0D4E-1035-B6D3-48EBA215DCB7}</UniqueIdentifier>
    </Filter>
    <Filter Include="Source Files">
      <UniqueIdentifier>{E9C7FDCE-D52A-8D73-7EB0-C5296AF258F6}</UniqueIdentifier>
    </Filter>
    <Filter Include="Header Files\raylib">
      <UniqueIdentifier>{7dda17b6-d480-4cfc-b3ec-ada8c9313c2d}</UniqueIdentifier>
    </Filter>
    <Filter Include="Header Files\core">
      <UniqueIdentifier>{7d64dbe8-cb1f-4f7f-8413-313891c91f62}</UniqueIdentifier>
    </Filter>
    <Filter Include="Header Files\json">
      <UniqueIdentifier>{dde3e99c-ad47-4f64-903c-179556deee58}</UniqueIdentifier>
    </Filter>
    <Filter Include="Source Files\core">
      <UniqueIdentifier>{9d3a89d3-cf64-44b0-bac3-928e6faa8a86}</UniqueIdentifier>
    </Filter>
  </ItemGroup>
  <ItemGroup>
    <ClCompile Include="..\game\src\main.cpp">
      <Filter>Source Files</Filter>
    </ClCompile>
    <ClCompile Include="..\game\src\ResourceManager.cpp">
      <Filter>Source Files\core</Filter>
    </ClCompile>
    <ClCompile Include="..\game\src\GameWorld.cpp">
      <Filter>Source Files\core</Filter>
    </ClCompile>
    <ClCompile Include="..\game\src\GameWindow.cpp">
      <Filter>Source Files\core</Filter>
    </ClCompile>
    <ClCompile Include="..\game\src\utils.cpp">
      <Filter>Source Files\core</Filter>
    </ClCompile>
    <ClCompile Include="..\game\src\MapEditor.cpp">
      <Filter>Source Files\core</Filter>
    </ClCompile>
    <ClCompile Include="..\game\src\Tile.cpp">
      <Filter>Source Files\core</Filter>
    </ClCompile>
  </ItemGroup>
  <ItemGroup>
    <ClInclude Include="..\game\src\raygui.h">
      <Filter>Header Files\raylib</Filter>
    </ClInclude>
    <ClInclude Include="..\game\src\raylib.h">
      <Filter>Header Files\raylib</Filter>
    </ClInclude>
    <ClInclude Include="..\game\src\raymath.h">
      <Filter>Header Files\raylib</Filter>
    </ClInclude>
    <ClInclude Include="..\game\src\Drawable.h">
      <Filter>Header Files\core</Filter>
    </ClInclude>
    <ClInclude Include="..\game\src\GameWindow.h">
      <Filter>Header Files\core</Filter>
    </ClInclude>
    <ClInclude Include="..\game\src\GameWorld.h">
      <Filter>Header Files\core</Filter>
    </ClInclude>
    <ClInclude Include="..\game\src\ResourceManager.h">
      <Filter>Header Files\core</Filter>
    </ClInclude>
    <ClInclude Include="..\game\src\utils.h">
      <Filter>Header Files\core</Filter>
    </ClInclude>
    <ClInclude Include="..\game\src\json.hpp">
      <Filter>Header Files\json</Filter>
    </ClInclude>
    <ClInclude Include="..\game\src\MapEditor.h">
      <Filter>Header Files\core</Filter>
    </ClInclude>
    <ClInclude Include="..\game\src\Tile.h">
      <Filter>Header Files\core</Filter>
    </ClInclude>
    <ClInclude Include="..\game\src\ComponentInsertionType.h">
      <Filter>Header Files\core</Filter>
    </ClInclude>
    <ClInclude Include="..\game\src\TileCollisionType.h">
      <Filter>Header Files\core</Filter>
    </ClInclude>
    <ClInclude Include="..\game\src\TilePaintingType.h">
      <Filter>Header Files\core</Filter>
    </ClInclude>
  </ItemGroup>
</Project>